
Microsoft Visual Studio Solution File, Format Version 12.00
# Visual Studio Version 16
VisualStudioVersion = 16.0.31624.102
MinimumVisualStudioVersion = 10.0.40219.1
Project("{FAE04EC0-301F-11D3-BF4B-00C04F79EFBC}") = "MapSuiLib", "MapSuiLib.csproj", "{475993A0-16CD-4E85-BB0D-C5E2E8E56EBD}"
EndProject
Global
	GlobalSection(SolutionConfigurationPlatforms) = preSolution
		Debug|Any CPU = Debug|Any CPU
		Release|Any CPU = Release|Any CPU
	EndGlobalSection
	GlobalSection(ProjectConfigurationPlatforms) = postSolution
		{475993A0-16CD-4E85-BB0D-C5E2E8E56EBD}.Debug|Any CPU.ActiveCfg = Debug|Any CPU
		{475993A0-16CD-4E85-BB0D-C5E2E8E56EBD}.Debug|Any CPU.Build.0 = Debug|Any CPU
		{475993A0-16CD-4E85-BB0D-C5E2E8E56EBD}.Release|Any CPU.ActiveCfg = Release|Any CPU
		{475993A0-16CD-4E85-BB0D-C5E2E8E56EBD}.Release|Any CPU.Build.0 = Release|Any CPU
	EndGlobalSection
	GlobalSection(SolutionProperties) = preSolution
		HideSolutionNode = FALSE
	EndGlobalSection
	GlobalSection(ExtensibilityGlobals) = postSolution
		SolutionGuid = {70014570-532E-42AC-B80F-E3C52C92E4CE}
	EndGlobalSection
EndGlobal
